
Microsoft Visual Studio Solution File, Format Version 12.00
# Visual Studio Version 16
VisualStudioVersion = 16.0.30503.244
MinimumVisualStudioVersion = 10.0.40219.1
Project("{9A19103F-16F7-4668-BE54-9A1E7A4F7556}") = "Reading Test With QR Code", "Reading Test With QR Code\Reading Test With QR Code.csproj", "{FC650688-0DEC-4932-8619-8377D9177486}"
EndProject
Global
	GlobalSection(SolutionConfigurationPlatforms) = preSolution
		Debug|Any CPU = Debug|Any CPU
		Release|Any CPU = Release|Any CPU
	EndGlobalSection
	GlobalSection(ProjectConfigurationPlatforms) = postSolution
		{FC650688-0DEC-4932-8619-8377D9177486}.Debug|Any CPU.ActiveCfg = Debug|Any CPU
		{FC650688-0DEC-4932-8619-8377D9177486}.Debug|Any CPU.Build.0 = Debug|Any CPU
		{FC650688-0DEC-4932-8619-8377D9177486}.Release|Any CPU.ActiveCfg = Release|Any CPU
		{FC650688-0DEC-4932-8619-8377D9177486}.Release|Any CPU.Build.0 = Release|Any CPU
	EndGlobalSection
	GlobalSection(SolutionProperties) = preSolution
		HideSolutionNode = FALSE
	EndGlobalSection
	GlobalSection(ExtensibilityGlobals) = postSolution
		SolutionGuid = {8465B4ED-7F89-44A6-AB4C-3B2A01878044}
	EndGlobalSection
EndGlobal
